
Microsoft Visual Studio Solution File, Format Version 12.00
# Visual Studio Version 17
VisualStudioVersion = 17.9.34714.143
MinimumVisualStudioVersion = 10.0.40219.1
Project("{8BC9CEB8-8B4A-11D0-8D11-00A0C91BC942}") = "dx11", "dx11\dx11.vcxproj", "{281B1146-AD53-4590-BA80-28F780639177}"
EndProject
Project("{8BC9CEB8-8B4A-11D0-8D11-00A0C91BC942}") = "dx12", "dx12\dx12.vcxproj", "{594A28FE-43B7-417E-A384-016FEA8B2F77}"
EndProject
Project("{8BC9CEB8-8B4A-11D0-8D11-00A0C91BC942}") = "common", "common\common.vcxproj", "{6F0A9805-9F14-4449-9F81-CF316C8D31D9}"
EndProject
Project("{2150E333-8FDC-42A3-9474-1A3956D46DE8}") = "example", "example", "{E8CE537F-C37E-4754-A9CB-07006A6284EF}"
EndProject
Project("{8BC9CEB8-8B4A-11D0-8D11-00A0C91BC942}") = "simple_dx12", "simple_dx12\simple_dx12.vcxproj", "{2968567D-181F-4A53-812F-4E4BC42C0673}"
EndProject
Global
	GlobalSection(SolutionConfigurationPlatforms) = preSolution
		Debug|x64 = Debug|x64
		Debug|x86 = Debug|x86
		Release|x64 = Release|x64
		Release|x86 = Release|x86
	EndGlobalSection
	GlobalSection(ProjectConfigurationPlatforms) = postSolution
		{281B1146-AD53-4590-BA80-28F780639177}.Debug|x64.ActiveCfg = Debug|x64
		{281B1146-AD53-4590-BA80-28F780639177}.Debug|x64.Build.0 = Debug|x64
		{281B1146-AD53-4590-BA80-28F780639177}.Debug|x86.ActiveCfg = Debug|Win32
		{281B1146-AD53-4590-BA80-28F780639177}.Debug|x86.Build.0 = Debug|Win32
		{281B1146-AD53-4590-BA80-28F780639177}.Release|x64.ActiveCfg = Release|x64
		{281B1146-AD53-4590-BA80-28F780639177}.Release|x64.Build.0 = Release|x64
		{281B1146-AD53-4590-BA80-28F780639177}.Release|x86.ActiveCfg = Release|Win32
		{281B1146-AD53-4590-BA80-28F780639177}.Release|x86.Build.0 = Release|Win32
		{594A28FE-43B7-417E-A384-016FEA8B2F77}.Debug|x64.ActiveCfg = Debug|x64
		{594A28FE-43B7-417E-A384-016FEA8B2F77}.Debug|x64.Build.0 = Debug|x64
		{594A28FE-43B7-417E-A384-016FEA8B2F77}.Debug|x86.ActiveCfg = Debug|Win32
		{594A28FE-43B7-417E-A384-016FEA8B2F77}.Debug|x86.Build.0 = Debug|Win32
		{594A28FE-43B7-417E-A384-016FEA8B2F77}.Release|x64.ActiveCfg = Release|x64
		{594A28FE-43B7-417E-A384-016FEA8B2F77}.Release|x64.Build.0 = Release|x64
		{594A28FE-43B7-417E-A384-016FEA8B2F77}.Release|x86.ActiveCfg = Release|Win32
		{594A28FE-43B7-417E-A384-016FEA8B2F77}.Release|x86.Build.0 = Release|Win32
		{6F0A9805-9F14-4449-9F81-CF316C8D31D9}.Debug|x64.ActiveCfg = Debug|x64
		{6F0A9805-9F14-4449-9F81-CF316C8D31D9}.Debug|x64.Build.0 = Debug|x64
		{6F0A9805-9F14-4449-9F81-CF316C8D31D9}.Debug|x86.ActiveCfg = Debug|Win32
		{6F0A9805-9F14-4449-9F81-CF316C8D31D9}.Debug|x86.Build.0 = Debug|Win32
		{6F0A9805-9F14-4449-9F81-CF316C8D31D9}.Release|x64.ActiveCfg = Release|x64
		{6F0A9805-9F14-4449-9F81-CF316C8D31D9}.Release|x64.Build.0 = Release|x64
		{6F0A9805-9F14-4449-9F81-CF316C8D31D9}.Release|x86.ActiveCfg = Release|Win32
		{6F0A9805-9F14-4449-9F81-CF316C8D31D9}.Release|x86.Build.0 = Release|Win32
		{2968567D-181F-4A53-812F-4E4BC42C0673}.Debug|x64.ActiveCfg = Debug|x64
		{2968567D-181F-4A53-812F-4E4BC42C0673}.Debug|x64.Build.0 = Debug|x64
		{2968567D-181F-4A53-812F-4E4BC42C0673}.Debug|x86.ActiveCfg = Debug|Win32
		{2968567D-181F-4A53-812F-4E4BC42C0673}.Debug|x86.Build.0 = Debug|Win32
		{2968567D-181F-4A53-812F-4E4BC42C0673}.Release|x64.ActiveCfg = Release|x64
		{2968567D-181F-4A53-812F-4E4BC42C0673}.Release|x64.Build.0 = Release|x64
		{2968567D-181F-4A53-812F-4E4BC42C0673}.Release|x86.ActiveCfg = Release|Win32
		{2968567D-181F-4A53-812F-4E4BC42C0673}.Release|x86.Build.0 = Release|Win32
	EndGlobalSection
	GlobalSection(SolutionProperties) = preSolution
		HideSolutionNode = FALSE
	EndGlobalSection
	GlobalSection(NestedProjects) = preSolution
		{2968567D-181F-4A53-812F-4E4BC42C0673} = {E8CE537F-C37E-4754-A9CB-07006A6284EF}
	EndGlobalSection
	GlobalSection(ExtensibilityGlobals) = postSolution
		SolutionGuid = {FDC0592C-A852-41CB-B294-FC33983BDA1B}
	EndGlobalSection
EndGlobal
