<?xml version="1.0" encoding="utf-8"?>
<Project ToolsVersion="4.0" xmlns="http://schemas.microsoft.com/developer/msbuild/2003">
  <ItemGroup>
    <ClInclude Include="ApplicationClass.h" />
    <ClInclude Include="CameraClass.h" />
    <ClInclude Include="D3dClass.h" />
    <ClInclude Include="InputClass.h" />
    <ClInclude Include="LightClass.h" />
    <ClInclude Include="LightshaderClass.h" />
    <ClInclude Include="ModelClass.h" />
    <ClInclude Include="RefractionshaderClass.h" />
    <ClInclude Include="RendertextureClass.h" />
    <ClInclude Include="SystemClass.h" />
    <ClInclude Include="TextureClass.h" />
    <ClInclude Include="WatershaderClass.h" />
    <ClInclude Include="imconfig.h">
      <Filter>Imgui</Filter>
    </ClInclude>
    <ClInclude Include="imgui.h">
      <Filter>Imgui</Filter>
    </ClInclude>
    <ClInclude Include="imgui_internal.h">
      <Filter>Imgui</Filter>
    </ClInclude>
    <ClInclude Include="imstb_rectpack.h">
      <Filter>Imgui</Filter>
    </ClInclude>
    <ClInclude Include="imstb_textedit.h">
      <Filter>Imgui</Filter>
    </ClInclude>
    <ClInclude Include="imstb_truetype.h">
      <Filter>Imgui</Filter>
    </ClInclude>
    <ClInclude Include="imgui_impl_dx11.h">
      <Filter>Imgui</Filter>
    </ClInclude>
    <ClInclude Include="imgui_impl_win32.h">
      <Filter>Imgui</Filter>
    </ClInclude>
    <ClInclude Include="ImGuiManager.h" />
    <ClInclude Include="BehaviorTree.h" />
    <ClInclude Include="Header.h" />
    <ClInclude Include="BehaviorLeaf.h" />
  </ItemGroup>
  <ItemGroup>
    <ClCompile Include="ApplicationClass.cpp" />
    <ClCompile Include="CameraClass.cpp" />
    <ClCompile Include="D3dClass.cpp" />
    <ClCompile Include="InputClass.cpp" />
    <ClCompile Include="LightClass.cpp" />
    <ClCompile Include="LightshaderClass.cpp" />
    <ClCompile Include="main.cpp" />
    <ClCompile Include="ModelClass.cpp" />
    <ClCompile Include="RefractionshaderClass.cpp" />
    <ClCompile Include="RendertextureClass.cpp" />
    <ClCompile Include="SystemClass.cpp" />
    <ClCompile Include="TextureClass.cpp" />
    <ClCompile Include="WatershaderClass.cpp" />
    <ClCompile Include="imgui.cpp">
      <Filter>Imgui</Filter>
    </ClCompile>
    <ClCompile Include="imgui_demo.cpp">
      <Filter>Imgui</Filter>
    </ClCompile>
    <ClCompile Include="imgui_draw.cpp">
      <Filter>Imgui</Filter>
    </ClCompile>
    <ClCompile Include="imgui_tables.cpp">
      <Filter>Imgui</Filter>
    </ClCompile>
    <ClCompile Include="imgui_widgets.cpp">
      <Filter>Imgui</Filter>
    </ClCompile>
    <ClCompile Include="imgui_impl_dx11.cpp">
      <Filter>Imgui</Filter>
    </ClCompile>
    <ClCompile Include="imgui_impl_win32.cpp">
      <Filter>Imgui</Filter>
    </ClCompile>
    <ClCompile Include="ImGuiManager.cpp" />
    <ClCompile Include="BehaviorTree.cpp" />
    <ClCompile Include="BehaviorLeaf.cpp" />
  </ItemGroup>
  <ItemGroup>
    <Filter Include="Imgui">
      <UniqueIdentifier>{1c1a97c5-4144-4fcc-9be4-234896d8df4a}</UniqueIdentifier>
    </Filter>
  </ItemGroup>
</Project>