<?xml version="1.0" encoding="utf-8"?>
<Project ToolsVersion="4.0" xmlns="http://schemas.microsoft.com/developer/msbuild/2003">
  <ItemGroup>
    <ClInclude Include="model.h">
      <Filter>Engine\Model</Filter>
    </ClInclude>
    <ClInclude Include="camera.h">
      <Filter>Engine\Model</Filter>
    </ClInclude>
    <ClInclude Include="ImGui\imgui.h">
      <Filter>Common\ImGui</Filter>
    </ClInclude>
    <ClInclude Include="ImGui\imgui_impl_dx11.h">
      <Filter>Common\ImGui</Filter>
    </ClInclude>
    <ClInclude Include="ImGui\imgui_impl_win32.h">
      <Filter>Common\ImGui</Filter>
    </ClInclude>
    <ClInclude Include="ImGui\imgui_internal.h">
      <Filter>Common\ImGui</Filter>
    </ClInclude>
    <ClInclude Include="ImGui\imstb_rectpack.h">
      <Filter>Common\ImGui</Filter>
    </ClInclude>
    <ClInclude Include="ImGui\imstb_textedit.h">
      <Filter>Common\ImGui</Filter>
    </ClInclude>
    <ClInclude Include="ImGui\imstb_truetype.h">
      <Filter>Common\ImGui</Filter>
    </ClInclude>
    <ClInclude Include="ImGui\imconfig.h">
      <Filter>Common\ImGui</Filter>
    </ClInclude>
    <ClInclude Include="gui_base.h">
      <Filter>Common\BluePrint</Filter>
    </ClInclude>
    <ClInclude Include="setting_ui.h">
      <Filter>Common\BluePrint</Filter>
    </ClInclude>
    <ClInclude Include="image_filter.h">
      <Filter>Engine\Model</Filter>
    </ClInclude>
    <ClInclude Include="node_ui.h">
      <Filter>Common\BluePrint</Filter>
    </ClInclude>
    <ClInclude Include="mesh.h">
      <Filter>Engine\Data</Filter>
    </ClInclude>
    <ClInclude Include="bone.h">
      <Filter>Engine\Data</Filter>
    </ClInclude>
    <ClInclude Include="vertex.h">
      <Filter>Engine\Data</Filter>
    </ClInclude>
    <ClInclude Include="material.h">
      <Filter>Engine\Data</Filter>
    </ClInclude>
    <ClInclude Include="application.h">
      <Filter>Platform</Filter>
    </ClInclude>
    <ClInclude Include="platform.h">
      <Filter>Platform</Filter>
    </ClInclude>
    <ClInclude Include="ImGui\NodeEditor\imgui_node_editor.h">
      <Filter>Common\ImGui\NodeEditor</Filter>
    </ClInclude>
    <ClInclude Include="ImGui\NodeEditor\imgui_node_editor_internal.h">
      <Filter>Common\ImGui\NodeEditor</Filter>
    </ClInclude>
    <ClInclude Include="ImGui\NodeEditor\crude_json.h">
      <Filter>Common\ImGui\NodeEditor</Filter>
    </ClInclude>
    <ClInclude Include="ImGui\NodeEditor\imgui_bezier_math.h">
      <Filter>Common\ImGui\NodeEditor</Filter>
    </ClInclude>
    <ClInclude Include="ImGui\NodeEditor\imgui_canvas.h">
      <Filter>Common\ImGui\NodeEditor</Filter>
    </ClInclude>
    <ClInclude Include="ImGui\NodeEditor\imgui_extra_keys.h">
      <Filter>Common\ImGui\NodeEditor</Filter>
    </ClInclude>
    <ClInclude Include="ImGui\NodeEditor\imgui_extra_math.h">
      <Filter>Common\ImGui\NodeEditor</Filter>
    </ClInclude>
    <ClInclude Include="graphics_manager.h">
      <Filter>Engine\Graphics</Filter>
    </ClInclude>
    <ClInclude Include="graphics_util.h">
      <Filter>Engine\Graphics</Filter>
    </ClInclude>
    <ClInclude Include="message.h">
      <Filter>Common\Structure</Filter>
    </ClInclude>
    <ClInclude Include="id_generator.h">
      <Filter>Common\Structure</Filter>
    </ClInclude>
    <ClInclude Include="env.h">
      <Filter>Common\Structure</Filter>
    </ClInclude>
    <ClInclude Include="entity.h">
      <Filter>Common\Structure</Filter>
    </ClInclude>
    <ClInclude Include="dataBlock.h">
      <Filter>Common\Structure</Filter>
    </ClInclude>
    <ClInclude Include="constant_buffer.h">
      <Filter>Engine\Data</Filter>
    </ClInclude>
    <ClInclude Include="graphics_pso.h">
      <Filter>Engine\Graphics</Filter>
    </ClInclude>
    <ClInclude Include="graphics_common.h">
      <Filter>Engine\Graphics</Filter>
    </ClInclude>
    <ClInclude Include="post_process.h">
      <Filter>Engine\Model</Filter>
    </ClInclude>
    <ClInclude Include="input.h">
      <Filter>Platform</Filter>
    </ClInclude>
    <ClInclude Include="pipeline_manager.h">
      <Filter>Engine\Data</Filter>
    </ClInclude>
    <ClInclude Include="model_loader.h">
      <Filter>Engine\Util</Filter>
    </ClInclude>
    <ClInclude Include="geometry_generator.h">
      <Filter>Engine\Util</Filter>
    </ClInclude>
    <ClInclude Include="message_receiver.h">
      <Filter>Engine\Util</Filter>
    </ClInclude>
    <ClInclude Include="sequence_node.h">
      <Filter>Engine\BehaviorTree\TreeNode</Filter>
    </ClInclude>
    <ClInclude Include="behavior_tree.h">
      <Filter>Engine\BehaviorTree\TreeNode</Filter>
    </ClInclude>
    <ClInclude Include="behavior_tree_builder.h">
      <Filter>Engine\BehaviorTree\TreeNode</Filter>
    </ClInclude>
    <ClInclude Include="conditional_node.h">
      <Filter>Engine\BehaviorTree\TreeNode</Filter>
    </ClInclude>
    <ClInclude Include="parallel_node.h">
      <Filter>Engine\BehaviorTree\TreeNode</Filter>
    </ClInclude>
    <ClInclude Include="selector_node.h">
      <Filter>Engine\BehaviorTree\TreeNode</Filter>
    </ClInclude>
    <ClInclude Include="graph.h">
      <Filter>Engine\BehaviorGraph\GraghNode</Filter>
    </ClInclude>
  </ItemGroup>
  <ItemGroup>
    <ClCompile Include="main.cpp" />
    <ClCompile Include="model.cpp">
      <Filter>Engine\Model</Filter>
    </ClCompile>
    <ClCompile Include="camera.cpp">
      <Filter>Engine\Model</Filter>
    </ClCompile>
    <ClCompile Include="ImGui\imgui.cpp">
      <Filter>Common\ImGui</Filter>
    </ClCompile>
    <ClCompile Include="ImGui\imgui_draw.cpp">
      <Filter>Common\ImGui</Filter>
    </ClCompile>
    <ClCompile Include="ImGui\imgui_impl_dx11.cpp">
      <Filter>Common\ImGui</Filter>
    </ClCompile>
    <ClCompile Include="ImGui\imgui_impl_win32.cpp">
      <Filter>Common\ImGui</Filter>
    </ClCompile>
    <ClCompile Include="ImGui\imgui_tables.cpp">
      <Filter>Common\ImGui</Filter>
    </ClCompile>
    <ClCompile Include="ImGui\imgui_widgets.cpp">
      <Filter>Common\ImGui</Filter>
    </ClCompile>
    <ClCompile Include="ImGui\imgui_demo.cpp">
      <Filter>Common\ImGui</Filter>
    </ClCompile>
    <ClCompile Include="gui_base.cpp">
      <Filter>Common\BluePrint</Filter>
    </ClCompile>
    <ClCompile Include="setting_ui.cpp">
      <Filter>Common\BluePrint</Filter>
    </ClCompile>
    <ClCompile Include="image_filter.cpp">
      <Filter>Engine\Model</Filter>
    </ClCompile>
    <ClCompile Include="application.cpp">
      <Filter>Platform</Filter>
    </ClCompile>
    <ClCompile Include="platform.cpp">
      <Filter>Platform</Filter>
    </ClCompile>
    <ClCompile Include="node_ui.cpp">
      <Filter>Common\BluePrint</Filter>
    </ClCompile>
    <ClCompile Include="ImGui\NodeEditor\imgui_node_editor.cpp">
      <Filter>Common\ImGui\NodeEditor</Filter>
    </ClCompile>
    <ClCompile Include="ImGui\NodeEditor\imgui_node_editor_api.cpp">
      <Filter>Common\ImGui\NodeEditor</Filter>
    </ClCompile>
    <ClCompile Include="ImGui\NodeEditor\crude_json.cpp">
      <Filter>Common\ImGui\NodeEditor</Filter>
    </ClCompile>
    <ClCompile Include="ImGui\NodeEditor\imgui_canvas.cpp">
      <Filter>Common\ImGui\NodeEditor</Filter>
    </ClCompile>
    <ClCompile Include="graphics_manager.cpp">
      <Filter>Engine\Graphics</Filter>
    </ClCompile>
    <ClCompile Include="graphics_util.cpp">
      <Filter>Engine\Graphics</Filter>
    </ClCompile>
    <ClCompile Include="id_generator.cpp">
      <Filter>Common\Structure</Filter>
    </ClCompile>
    <ClCompile Include="entity.cpp">
      <Filter>Common\Structure</Filter>
    </ClCompile>
    <ClCompile Include="graphics_pso.cpp">
      <Filter>Engine\Graphics</Filter>
    </ClCompile>
    <ClCompile Include="graphics_common.cpp">
      <Filter>Engine\Graphics</Filter>
    </ClCompile>
    <ClCompile Include="post_process.cpp">
      <Filter>Engine\Model</Filter>
    </ClCompile>
    <ClCompile Include="input.cpp">
      <Filter>Platform</Filter>
    </ClCompile>
    <ClCompile Include="geometry_generator.cpp">
      <Filter>Engine\Util</Filter>
    </ClCompile>
    <ClCompile Include="message_receiver.cpp">
      <Filter>Engine\Util</Filter>
    </ClCompile>
    <ClCompile Include="model_loader.cpp">
      <Filter>Engine\Util</Filter>
    </ClCompile>
    <ClCompile Include="behavior_tree_builder.cpp">
      <Filter>Engine\BehaviorTree\TreeNode</Filter>
    </ClCompile>
    <ClCompile Include="conditional_node.cpp">
      <Filter>Engine\BehaviorTree\TreeNode</Filter>
    </ClCompile>
    <ClCompile Include="parallel_node.cpp">
      <Filter>Engine\BehaviorTree\TreeNode</Filter>
    </ClCompile>
    <ClCompile Include="selector_node.cpp">
      <Filter>Engine\BehaviorTree\TreeNode</Filter>
    </ClCompile>
    <ClCompile Include="sequence_node.cpp">
      <Filter>Engine\BehaviorTree\TreeNode</Filter>
    </ClCompile>
    <ClCompile Include="behavior_tree.cpp">
      <Filter>Engine\BehaviorTree\TreeNode</Filter>
    </ClCompile>
    <ClCompile Include="graph.cpp">
      <Filter>Engine\BehaviorGraph\GraghNode</Filter>
    </ClCompile>
  </ItemGroup>
  <ItemGroup>
    <Filter Include="Platform">
      <UniqueIdentifier>{d0845f2f-5aa8-41c5-a240-d5a81d8a26fe}</UniqueIdentifier>
    </Filter>
    <Filter Include="Common">
      <UniqueIdentifier>{cd4d1aed-5e7a-4f54-8223-c66fbe383b80}</UniqueIdentifier>
    </Filter>
    <Filter Include="Common\BluePrint">
      <UniqueIdentifier>{9eb6ce6c-e8f1-4912-bd9c-acf6ddd4f248}</UniqueIdentifier>
    </Filter>
    <Filter Include="Engine">
      <UniqueIdentifier>{05dc446f-8a32-4f98-9f30-cf72b7cc2f60}</UniqueIdentifier>
    </Filter>
    <Filter Include="Engine\BehaviorGraph">
      <UniqueIdentifier>{dd885491-628a-4699-bf68-ccd7e4610344}</UniqueIdentifier>
    </Filter>
    <Filter Include="Engine\BehaviorTree">
      <UniqueIdentifier>{8b95b958-ddc6-4445-8273-087607899d80}</UniqueIdentifier>
    </Filter>
    <Filter Include="Engine\Model">
      <UniqueIdentifier>{0b569e3e-70fb-479a-a225-7de4add8f966}</UniqueIdentifier>
    </Filter>
    <Filter Include="Engine\Data">
      <UniqueIdentifier>{3fc71904-4c1d-43d0-b771-a258e5fba9b8}</UniqueIdentifier>
    </Filter>
    <Filter Include="Engine\Graphics">
      <UniqueIdentifier>{1a58e045-98f9-419c-972d-1f2ad2b6a109}</UniqueIdentifier>
    </Filter>
    <Filter Include="Common\Structure">
      <UniqueIdentifier>{ba2eaf2e-7ce0-4495-9423-86319442efbd}</UniqueIdentifier>
    </Filter>
    <Filter Include="Engine\Graphics\HLSL">
      <UniqueIdentifier>{2703a152-551d-4384-95f5-f66624506b3d}</UniqueIdentifier>
    </Filter>
    <Filter Include="Engine\Util">
      <UniqueIdentifier>{82eadd38-7919-4897-973b-ceae628cde63}</UniqueIdentifier>
    </Filter>
    <Filter Include="Engine\BehaviorTree\TreeNode">
      <UniqueIdentifier>{f29ff5f6-1cbe-4545-a200-39f24aba85a3}</UniqueIdentifier>
    </Filter>
    <Filter Include="Engine\BehaviorGraph\GraghNode">
      <UniqueIdentifier>{895e1700-a968-44b5-af87-598595de7b7f}</UniqueIdentifier>
    </Filter>
    <Filter Include="Common\ImGui">
      <UniqueIdentifier>{1c1a97c5-4144-4fcc-9be4-234896d8df4a}</UniqueIdentifier>
    </Filter>
    <Filter Include="Common\ImGui\NodeEditor">
      <UniqueIdentifier>{30855cc5-8d09-42a4-bb3c-c5aea4725478}</UniqueIdentifier>
    </Filter>
  </ItemGroup>
  <ItemGroup>
    <None Include="ImGui\config.h.in">
      <Filter>Common\ImGui</Filter>
    </None>
    <None Include="packages.config" />
    <None Include="ImGui\NodeEditor\imgui_node_editor_internal.inl">
      <Filter>Common\ImGui\NodeEditor</Filter>
    </None>
    <None Include="ImGui\NodeEditor\imgui_bezier_math.inl">
      <Filter>Common\ImGui\NodeEditor</Filter>
    </None>
    <None Include="ImGui\NodeEditor\imgui_extra_math.inl">
      <Filter>Common\ImGui\NodeEditor</Filter>
    </None>
    <None Include="Common.hlsli">
      <Filter>Engine\Graphics\HLSL</Filter>
    </None>
  </ItemGroup>
  <ItemGroup>
    <FxCompile Include="CombinePS.hlsl">
      <Filter>Engine\Graphics\HLSL</Filter>
    </FxCompile>
    <FxCompile Include="SamplingVS.hlsl">
      <Filter>Engine\Graphics\HLSL</Filter>
    </FxCompile>
    <FxCompile Include="SamplingPS.hlsl">
      <Filter>Engine\Graphics\HLSL</Filter>
    </FxCompile>
    <FxCompile Include="SkyboxPS.hlsl">
      <Filter>Engine\Graphics\HLSL</Filter>
    </FxCompile>
    <FxCompile Include="SkyboxVS.hlsl">
      <Filter>Engine\Graphics\HLSL</Filter>
    </FxCompile>
    <FxCompile Include="BloomDownPS.hlsl">
      <Filter>Engine\Graphics\HLSL</Filter>
    </FxCompile>
    <FxCompile Include="BloomUpPS.hlsl">
      <Filter>Engine\Graphics\HLSL</Filter>
    </FxCompile>
    <FxCompile Include="DepthOnlyVS.hlsl">
      <Filter>Engine\Graphics\HLSL</Filter>
    </FxCompile>
    <FxCompile Include="DepthOnlyPS.hlsl">
      <Filter>Engine\Graphics\HLSL</Filter>
    </FxCompile>
    <FxCompile Include="NormalPS.hlsl">
      <Filter>Engine\Graphics\HLSL</Filter>
    </FxCompile>
    <FxCompile Include="NormalVS.hlsl">
      <Filter>Engine\Graphics\HLSL</Filter>
    </FxCompile>
    <FxCompile Include="PostEffectsPS.hlsl">
      <Filter>Engine\Graphics\HLSL</Filter>
    </FxCompile>
    <FxCompile Include="NormalGS.hlsl">
      <Filter>Engine\Graphics\HLSL</Filter>
    </FxCompile>
    <FxCompile Include="BasicVS.hlsl">
      <Filter>Engine\Graphics\HLSL</Filter>
    </FxCompile>
    <FxCompile Include="BasicPS.hlsl">
      <Filter>Engine\Graphics\HLSL</Filter>
    </FxCompile>
  </ItemGroup>
</Project>