<?xml version="1.0" encoding="utf-8"?>
<Project ToolsVersion="4.0" xmlns="http://schemas.microsoft.com/developer/msbuild/2003">
  <ItemGroup>
    <ClInclude Include="ApplicationClass.h" />
    <ClInclude Include="CameraClass.h" />
    <ClInclude Include="SystemClass.h" />
    <ClInclude Include="imconfig.h">
      <Filter>Imgui</Filter>
    </ClInclude>
    <ClInclude Include="imgui.h">
      <Filter>Imgui</Filter>
    </ClInclude>
    <ClInclude Include="imgui_internal.h">
      <Filter>Imgui</Filter>
    </ClInclude>
    <ClInclude Include="imstb_rectpack.h">
      <Filter>Imgui</Filter>
    </ClInclude>
    <ClInclude Include="imstb_textedit.h">
      <Filter>Imgui</Filter>
    </ClInclude>
    <ClInclude Include="imstb_truetype.h">
      <Filter>Imgui</Filter>
    </ClInclude>
    <ClInclude Include="imgui_impl_dx11.h">
      <Filter>Imgui</Filter>
    </ClInclude>
    <ClInclude Include="imgui_impl_win32.h">
      <Filter>Imgui</Filter>
    </ClInclude>
    <ClInclude Include="ImGuiManager.h" />
    <ClInclude Include="Header.h">
      <Filter>Model</Filter>
    </ClInclude>
    <ClInclude Include="D3dClass.h">
      <Filter>Model</Filter>
    </ClInclude>
    <ClInclude Include="LightClass.h">
      <Filter>Model</Filter>
    </ClInclude>
    <ClInclude Include="LightshaderClass.h">
      <Filter>Model</Filter>
    </ClInclude>
    <ClInclude Include="CommonModel.h">
      <Filter>Model</Filter>
    </ClInclude>
    <ClInclude Include="ModelClass.h">
      <Filter>Model</Filter>
    </ClInclude>
    <ClInclude Include="TextureClass.h">
      <Filter>Model</Filter>
    </ClInclude>
    <ClInclude Include="InputClass.h" />
    <ClInclude Include="WatershaderClass.h">
      <Filter>Model</Filter>
    </ClInclude>
    <ClInclude Include="RendertextureClass.h">
      <Filter>Model</Filter>
    </ClInclude>
    <ClInclude Include="RefractionshaderClass.h">
      <Filter>Model</Filter>
    </ClInclude>
    <ClInclude Include="BehaviorTree.h">
      <Filter>BehaviorTree</Filter>
    </ClInclude>
    <ClInclude Include="BehaviorLeaf.h">
      <Filter>BehaviorTree</Filter>
    </ClInclude>
  </ItemGroup>
  <ItemGroup>
    <ClCompile Include="ApplicationClass.cpp" />
    <ClCompile Include="CameraClass.cpp" />
    <ClCompile Include="main.cpp" />
    <ClCompile Include="SystemClass.cpp" />
    <ClCompile Include="imgui.cpp">
      <Filter>Imgui</Filter>
    </ClCompile>
    <ClCompile Include="imgui_demo.cpp">
      <Filter>Imgui</Filter>
    </ClCompile>
    <ClCompile Include="imgui_draw.cpp">
      <Filter>Imgui</Filter>
    </ClCompile>
    <ClCompile Include="imgui_tables.cpp">
      <Filter>Imgui</Filter>
    </ClCompile>
    <ClCompile Include="imgui_widgets.cpp">
      <Filter>Imgui</Filter>
    </ClCompile>
    <ClCompile Include="imgui_impl_dx11.cpp">
      <Filter>Imgui</Filter>
    </ClCompile>
    <ClCompile Include="imgui_impl_win32.cpp">
      <Filter>Imgui</Filter>
    </ClCompile>
    <ClCompile Include="ImGuiManager.cpp" />
    <ClCompile Include="D3dClass.cpp">
      <Filter>Model</Filter>
    </ClCompile>
    <ClCompile Include="LightClass.cpp">
      <Filter>Model</Filter>
    </ClCompile>
    <ClCompile Include="LightshaderClass.cpp">
      <Filter>Model</Filter>
    </ClCompile>
    <ClCompile Include="ModelClass.cpp">
      <Filter>Model</Filter>
    </ClCompile>
    <ClCompile Include="TextureClass.cpp">
      <Filter>Model</Filter>
    </ClCompile>
    <ClCompile Include="InputClass.cpp" />
    <ClCompile Include="WatershaderClass.cpp">
      <Filter>Model</Filter>
    </ClCompile>
    <ClCompile Include="RendertextureClass.cpp">
      <Filter>Model</Filter>
    </ClCompile>
    <ClCompile Include="RefractionshaderClass.cpp">
      <Filter>Model</Filter>
    </ClCompile>
    <ClCompile Include="BehaviorTree.cpp">
      <Filter>BehaviorTree</Filter>
    </ClCompile>
    <ClCompile Include="BehaviorLeaf.cpp">
      <Filter>BehaviorTree</Filter>
    </ClCompile>
  </ItemGroup>
  <ItemGroup>
    <Filter Include="Imgui">
      <UniqueIdentifier>{1c1a97c5-4144-4fcc-9be4-234896d8df4a}</UniqueIdentifier>
    </Filter>
    <Filter Include="Model">
      <UniqueIdentifier>{0b569e3e-70fb-479a-a225-7de4add8f966}</UniqueIdentifier>
    </Filter>
    <Filter Include="BehaviorTree">
      <UniqueIdentifier>{8b95b958-ddc6-4445-8273-087607899d80}</UniqueIdentifier>
    </Filter>
  </ItemGroup>
</Project>