<?xml version="1.0" encoding="utf-8"?>
<Project ToolsVersion="4.0" xmlns="http://schemas.microsoft.com/developer/msbuild/2003">
  <ItemGroup>
    <ClCompile Include="main.cpp" />
    <ClCompile Include="gpu_resource.cpp">
      <Filter>Graphics\Gpu\Buffer</Filter>
    </ClCompile>
    <ClCompile Include="texture_cube.cpp">
      <Filter>Graphics\Gpu\Buffer</Filter>
    </ClCompile>
    <ClCompile Include="texture_2d.cpp">
      <Filter>Graphics\Gpu\Buffer</Filter>
    </ClCompile>
    <ClCompile Include="camera.cpp">
      <Filter>Graphics\Model</Filter>
    </ClCompile>
    <ClCompile Include="mesh_renderer.cpp">
      <Filter>Graphics\Component</Filter>
    </ClCompile>
    <ClCompile Include="geometry_generator.cpp">
      <Filter>Graphics\Util</Filter>
    </ClCompile>
    <ClCompile Include="message_receiver.cpp">
      <Filter>Graphics\Util</Filter>
    </ClCompile>
    <ClCompile Include="mesh_loader.cpp">
      <Filter>Graphics\Util</Filter>
    </ClCompile>
    <ClCompile Include="engine.cpp">
      <Filter>Graphics</Filter>
    </ClCompile>
    <ClCompile Include="mesh.cpp">
      <Filter>Graphics\Gpu\Structure</Filter>
    </ClCompile>
    <ClCompile Include="image.cpp">
      <Filter>Graphics\Gpu\Structure</Filter>
    </ClCompile>
    <ClCompile Include="dynamic_descriptor_heap.cpp">
      <Filter>Graphics\Gpu\Heap</Filter>
    </ClCompile>
    <ClCompile Include="mesh_util.cpp">
      <Filter>Graphics\Util</Filter>
    </ClCompile>
    <ClCompile Include="command_queue.cpp">
      <Filter>Graphics\Gpu\Command</Filter>
    </ClCompile>
    <ClCompile Include="command_list.cpp">
      <Filter>Graphics\Gpu\Command</Filter>
    </ClCompile>
    <ClCompile Include="query_heap.cpp">
      <Filter>Graphics\Gpu\Heap</Filter>
    </ClCompile>
    <ClCompile Include="dds_texture_loader.cpp">
      <Filter>Graphics\Util</Filter>
    </ClCompile>
    <ClCompile Include="shader_util.cpp">
      <Filter>Graphics\Util</Filter>
    </ClCompile>
    <ClCompile Include="device_manager.cpp">
      <Filter>Graphics\Gpu\Core</Filter>
    </ClCompile>
    <ClCompile Include="pipeline_state_object.cpp">
      <Filter>Graphics\Gpu\PSO</Filter>
    </ClCompile>
    <ClCompile Include="command_manager.cpp">
      <Filter>Graphics\Gpu\Core</Filter>
    </ClCompile>
    <ClCompile Include="heap_manager.cpp">
      <Filter>Graphics\Gpu\Core</Filter>
    </ClCompile>
    <ClCompile Include="buffer_manager.cpp">
      <Filter>Graphics\Gpu\Core</Filter>
    </ClCompile>
    <ClCompile Include="shadow_effect.cpp">
      <Filter>Graphics\Component</Filter>
    </ClCompile>
    <ClCompile Include="mirror_effect.cpp">
      <Filter>Graphics\Component</Filter>
    </ClCompile>
    <ClCompile Include="reflectable_model.cpp">
      <Filter>Graphics\Model</Filter>
    </ClCompile>
  </ItemGroup>
  <ItemGroup>
    <Filter Include="Graphics">
      <UniqueIdentifier>{dbd5257f-e35e-4c37-8c3a-6cb4f021982b}</UniqueIdentifier>
    </Filter>
    <Filter Include="Graphics\Model">
      <UniqueIdentifier>{e49dfe72-3ee4-485a-8189-91138a47fab0}</UniqueIdentifier>
    </Filter>
    <Filter Include="Graphics\BehaviorTreeNode">
      <UniqueIdentifier>{693604ef-ac08-43fd-af75-3b70c784e779}</UniqueIdentifier>
    </Filter>
    <Filter Include="Graphics\Component">
      <UniqueIdentifier>{7a076824-9f70-4d32-964b-51b7e3858fb8}</UniqueIdentifier>
    </Filter>
    <Filter Include="Graphics\Util">
      <UniqueIdentifier>{773513c6-08ce-4dd1-8d1c-08ee20f6b365}</UniqueIdentifier>
    </Filter>
    <Filter Include="Graphics\Pipeline">
      <UniqueIdentifier>{ec5de175-27e8-4a2f-a596-dc8c68ce24b3}</UniqueIdentifier>
    </Filter>
    <Filter Include="Graphics\Gpu">
      <UniqueIdentifier>{d032a418-4ef4-4335-b85d-1cbbc9c551cb}</UniqueIdentifier>
    </Filter>
    <Filter Include="Graphics\Gpu\Shader">
      <UniqueIdentifier>{a029a46a-2389-4ec0-b9dc-91980492c850}</UniqueIdentifier>
    </Filter>
    <Filter Include="Graphics\Gpu\PSO">
      <UniqueIdentifier>{acfa4192-465e-4e10-aaf4-6afa55bd798b}</UniqueIdentifier>
    </Filter>
    <Filter Include="Graphics\Gpu\Buffer">
      <UniqueIdentifier>{75e2fdb2-1df3-4f8a-b00e-3f37f241f0c1}</UniqueIdentifier>
    </Filter>
    <Filter Include="Graphics\Gpu\Structure">
      <UniqueIdentifier>{618c9e8e-c783-44ce-98a1-32a3ad2ed2d8}</UniqueIdentifier>
    </Filter>
    <Filter Include="Graphics\Gpu\Heap">
      <UniqueIdentifier>{6a573e0e-ae59-4d24-b0c9-b46c7a7f18d1}</UniqueIdentifier>
    </Filter>
    <Filter Include="Graphics\Gpu\Command">
      <UniqueIdentifier>{7a7980fb-704b-4a96-8ea3-1afbf20510fc}</UniqueIdentifier>
    </Filter>
    <Filter Include="Graphics\Gpu\Core">
      <UniqueIdentifier>{44860be7-9917-4790-b438-ee4b6ee0aa43}</UniqueIdentifier>
    </Filter>
  </ItemGroup>
  <ItemGroup>
    <ClInclude Include="mesh_pso.h">
      <Filter>Graphics\Gpu\PSO</Filter>
    </ClInclude>
    <ClInclude Include="tone_mapping_pso.h">
      <Filter>Graphics\Gpu\PSO</Filter>
    </ClInclude>
    <ClInclude Include="skybox_pso.h">
      <Filter>Graphics\Gpu\PSO</Filter>
    </ClInclude>
    <ClInclude Include="gpu_resource.h">
      <Filter>Graphics\Gpu\Buffer</Filter>
    </ClInclude>
    <ClInclude Include="texture_cube.h">
      <Filter>Graphics\Gpu\Buffer</Filter>
    </ClInclude>
    <ClInclude Include="texture_2d.h">
      <Filter>Graphics\Gpu\Buffer</Filter>
    </ClInclude>
    <ClInclude Include="camera.h">
      <Filter>Graphics\Model</Filter>
    </ClInclude>
    <ClInclude Include="skybox_node.h">
      <Filter>Graphics\BehaviorTreeNode</Filter>
    </ClInclude>
    <ClInclude Include="gpu_node.h">
      <Filter>Graphics\BehaviorTreeNode</Filter>
    </ClInclude>
    <ClInclude Include="light_node.h">
      <Filter>Graphics\BehaviorTreeNode</Filter>
    </ClInclude>
    <ClInclude Include="game_objects_node.h">
      <Filter>Graphics\BehaviorTreeNode</Filter>
    </ClInclude>
    <ClInclude Include="tone_mapping_node.h">
      <Filter>Graphics\BehaviorTreeNode</Filter>
    </ClInclude>
    <ClInclude Include="gui_node.h">
      <Filter>Graphics\BehaviorTreeNode</Filter>
    </ClInclude>
    <ClInclude Include="camera_node.h">
      <Filter>Graphics\BehaviorTreeNode</Filter>
    </ClInclude>
    <ClInclude Include="mesh_renderer.h">
      <Filter>Graphics\Component</Filter>
    </ClInclude>
    <ClInclude Include="geometry_generator.h">
      <Filter>Graphics\Util</Filter>
    </ClInclude>
    <ClInclude Include="message_receiver.h">
      <Filter>Graphics\Util</Filter>
    </ClInclude>
    <ClInclude Include="mesh_loader.h">
      <Filter>Graphics\Util</Filter>
    </ClInclude>
    <ClInclude Include="engine.h">
      <Filter>Graphics</Filter>
    </ClInclude>
    <ClInclude Include="constant_buffer.h">
      <Filter>Graphics\Gpu\Structure</Filter>
    </ClInclude>
    <ClInclude Include="mesh.h">
      <Filter>Graphics\Gpu\Structure</Filter>
    </ClInclude>
    <ClInclude Include="vertex.h">
      <Filter>Graphics\Gpu\Structure</Filter>
    </ClInclude>
    <ClInclude Include="image.h">
      <Filter>Graphics\Gpu\Structure</Filter>
    </ClInclude>
    <ClInclude Include="render_target_object.h">
      <Filter>Graphics\Pipeline</Filter>
    </ClInclude>
    <ClInclude Include="render_condition.h">
      <Filter>Graphics\Pipeline</Filter>
    </ClInclude>
    <ClInclude Include="black_board.h">
      <Filter>Graphics\Pipeline</Filter>
    </ClInclude>
    <ClInclude Include="color_buffer.h">
      <Filter>Graphics\Gpu\Buffer</Filter>
    </ClInclude>
    <ClInclude Include="sampler_state.h">
      <Filter>Graphics\Gpu\Buffer</Filter>
    </ClInclude>
    <ClInclude Include="dynamic_descriptor_heap.h">
      <Filter>Graphics\Gpu\Heap</Filter>
    </ClInclude>
    <ClInclude Include="depth_buffer.h">
      <Filter>Graphics\Gpu\Buffer</Filter>
    </ClInclude>
    <ClInclude Include="back_buffer.h">
      <Filter>Graphics\Gpu\Buffer</Filter>
    </ClInclude>
    <ClInclude Include="command_list.h">
      <Filter>Graphics\Gpu\Command</Filter>
    </ClInclude>
    <ClInclude Include="command_queue.h">
      <Filter>Graphics\Gpu\Command</Filter>
    </ClInclude>
    <ClInclude Include="mesh_util.h">
      <Filter>Graphics\Util</Filter>
    </ClInclude>
    <ClInclude Include="query_heap.h">
      <Filter>Graphics\Gpu\Heap</Filter>
    </ClInclude>
    <ClInclude Include="pch.h">
      <Filter>Graphics\Gpu</Filter>
    </ClInclude>
    <ClInclude Include="d3dx12.h">
      <Filter>Graphics\Util</Filter>
    </ClInclude>
    <ClInclude Include="dds.h">
      <Filter>Graphics\Util</Filter>
    </ClInclude>
    <ClInclude Include="dds_texture_loader.h">
      <Filter>Graphics\Util</Filter>
    </ClInclude>
    <ClInclude Include="shader_util.h">
      <Filter>Graphics\Util</Filter>
    </ClInclude>
    <ClInclude Include="device_manager.h">
      <Filter>Graphics\Gpu\Core</Filter>
    </ClInclude>
    <ClInclude Include="pipeline_state_object.h">
      <Filter>Graphics\Gpu\PSO</Filter>
    </ClInclude>
    <ClInclude Include="command_manager.h">
      <Filter>Graphics\Gpu\Core</Filter>
    </ClInclude>
    <ClInclude Include="heap_manager.h">
      <Filter>Graphics\Gpu\Core</Filter>
    </ClInclude>
    <ClInclude Include="buffer_manager.h">
      <Filter>Graphics\Gpu\Core</Filter>
    </ClInclude>
    <ClInclude Include="shadow_effect.h">
      <Filter>Graphics\Component</Filter>
    </ClInclude>
    <ClInclude Include="mirror_effect.h">
      <Filter>Graphics\Component</Filter>
    </ClInclude>
    <ClInclude Include="reflectable_model.h">
      <Filter>Graphics\Model</Filter>
    </ClInclude>
    <ClInclude Include="mirror_effect_node.h">
      <Filter>Graphics\BehaviorTreeNode</Filter>
    </ClInclude>
    <ClInclude Include="stencil_mark_pso.h">
      <Filter>Graphics\Gpu\PSO</Filter>
    </ClInclude>
    <ClInclude Include="tree_node.h">
      <Filter>Graphics</Filter>
    </ClInclude>
    <ClInclude Include="shadow_effect_node.h">
      <Filter>Graphics\BehaviorTreeNode</Filter>
    </ClInclude>
    <ClInclude Include="shadow_mapping_pso.h">
      <Filter>Graphics\Gpu\PSO</Filter>
    </ClInclude>
  </ItemGroup>
  <ItemGroup>
    <None Include="shader\Common.hlsli">
      <Filter>Graphics\Gpu\Shader</Filter>
    </None>
    <None Include="shader\DiskSamples.hlsli">
      <Filter>Graphics\Gpu\Shader</Filter>
    </None>
    <None Include="packages.config" />
  </ItemGroup>
  <ItemGroup>
    <FxCompile Include="shader\BasicPS.hlsl">
      <Filter>Graphics\Gpu\Shader</Filter>
    </FxCompile>
    <FxCompile Include="shader\BasicVS.hlsl">
      <Filter>Graphics\Gpu\Shader</Filter>
    </FxCompile>
    <FxCompile Include="shader\BloomCompositeCS.hlsl">
      <Filter>Graphics\Gpu\Shader</Filter>
    </FxCompile>
    <FxCompile Include="shader\BlurHorizontalCS.hlsl">
      <Filter>Graphics\Gpu\Shader</Filter>
    </FxCompile>
    <FxCompile Include="shader\BlurVerticalCS.hlsl">
      <Filter>Graphics\Gpu\Shader</Filter>
    </FxCompile>
    <FxCompile Include="shader\BrightPassCS.hlsl">
      <Filter>Graphics\Gpu\Shader</Filter>
    </FxCompile>
    <FxCompile Include="shader\DepthOnlyPS.hlsl">
      <Filter>Graphics\Gpu\Shader</Filter>
    </FxCompile>
    <FxCompile Include="shader\DepthOnlyVS.hlsl">
      <Filter>Graphics\Gpu\Shader</Filter>
    </FxCompile>
    <FxCompile Include="shader\SkyboxPS.hlsl">
      <Filter>Graphics\Gpu\Shader</Filter>
    </FxCompile>
    <FxCompile Include="shader\ToneMappingVS.hlsl">
      <Filter>Graphics\Gpu\Shader</Filter>
    </FxCompile>
    <FxCompile Include="shader\ToneMappingPS.hlsl">
      <Filter>Graphics\Gpu\Shader</Filter>
    </FxCompile>
    <FxCompile Include="shader\ToneMappingCS.hlsl">
      <Filter>Graphics\Gpu\Shader</Filter>
    </FxCompile>
    <FxCompile Include="shader\SkyboxVS.hlsl">
      <Filter>Graphics\Gpu\Shader</Filter>
    </FxCompile>
  </ItemGroup>
</Project>