<?xml version="1.0" encoding="utf-8"?>
<Project ToolsVersion="4.0" xmlns="http://schemas.microsoft.com/developer/msbuild/2003">
  <ItemGroup>
    <ClCompile Include="main.cpp" />
    <ClCompile Include="graphics\foundation\ImGui\NodeEditor\crude_json.cpp">
      <Filter>Foundation\Gui\ImGui\NodeEditor</Filter>
    </ClCompile>
    <ClCompile Include="graphics\foundation\ImGui\NodeEditor\imgui_canvas.cpp">
      <Filter>Foundation\Gui\ImGui\NodeEditor</Filter>
    </ClCompile>
    <ClCompile Include="graphics\foundation\ImGui\NodeEditor\imgui_node_editor.cpp">
      <Filter>Foundation\Gui\ImGui\NodeEditor</Filter>
    </ClCompile>
    <ClCompile Include="graphics\foundation\ImGui\NodeEditor\imgui_node_editor_api.cpp">
      <Filter>Foundation\Gui\ImGui\NodeEditor</Filter>
    </ClCompile>
    <ClCompile Include="graphics\foundation\ImGui\imgui.cpp">
      <Filter>Foundation\Gui\ImGui</Filter>
    </ClCompile>
    <ClCompile Include="graphics\foundation\ImGui\imgui_demo.cpp">
      <Filter>Foundation\Gui\ImGui</Filter>
    </ClCompile>
    <ClCompile Include="graphics\foundation\ImGui\imgui_draw.cpp">
      <Filter>Foundation\Gui\ImGui</Filter>
    </ClCompile>
    <ClCompile Include="graphics\foundation\ImGui\imgui_impl_win32.cpp">
      <Filter>Foundation\Gui\ImGui</Filter>
    </ClCompile>
    <ClCompile Include="graphics\foundation\ImGui\imgui_tables.cpp">
      <Filter>Foundation\Gui\ImGui</Filter>
    </ClCompile>
    <ClCompile Include="graphics\foundation\ImGui\imgui_widgets.cpp">
      <Filter>Foundation\Gui\ImGui</Filter>
    </ClCompile>
    <ClCompile Include="graphics\foundation\ImGui\imgui_impl_dx12.cpp">
      <Filter>Foundation\Gui\ImGui</Filter>
    </ClCompile>
    <ClCompile Include="graphics\foundation\ui.cpp">
      <Filter>Foundation\Gui</Filter>
    </ClCompile>
    <ClCompile Include="graphics\foundation\action_node.cpp">
      <Filter>Foundation\BehaviorTree</Filter>
    </ClCompile>
    <ClCompile Include="graphics\foundation\animation_node.cpp">
      <Filter>Foundation\BehaviorTree</Filter>
    </ClCompile>
    <ClCompile Include="graphics\foundation\behavior_tree_builder.cpp">
      <Filter>Foundation\BehaviorTree</Filter>
    </ClCompile>
    <ClCompile Include="graphics\foundation\conditional_node.cpp">
      <Filter>Foundation\BehaviorTree</Filter>
    </ClCompile>
    <ClCompile Include="graphics\foundation\selector_node.cpp">
      <Filter>Foundation\BehaviorTree</Filter>
    </ClCompile>
    <ClCompile Include="graphics\foundation\sequence_node.cpp">
      <Filter>Foundation\BehaviorTree</Filter>
    </ClCompile>
    <ClCompile Include="graphics\foundation\platform.cpp">
      <Filter>Foundation\Platform</Filter>
    </ClCompile>
    <ClCompile Include="graphics\foundation\entity.cpp">
      <Filter>Foundation\Structure</Filter>
    </ClCompile>
    <ClCompile Include="graphics\foundation\id_generator.cpp">
      <Filter>Foundation\Structure</Filter>
    </ClCompile>
    <ClCompile Include="graphics\foundation\node.cpp">
      <Filter>Foundation\Structure</Filter>
    </ClCompile>
    <ClCompile Include="graphics\graphics_device.cpp">
      <Filter>Graphics\Gpu</Filter>
    </ClCompile>
    <ClCompile Include="graphics\foundation\setting_ui.cpp">
      <Filter>Foundation\Gui</Filter>
    </ClCompile>
    <ClCompile Include="graphics\gpu_resource.cpp">
      <Filter>Graphics\Gpu\Buffer</Filter>
    </ClCompile>
    <ClCompile Include="graphics\texture_cube.cpp">
      <Filter>Graphics\Gpu\Buffer</Filter>
    </ClCompile>
    <ClCompile Include="graphics\texture_2d.cpp">
      <Filter>Graphics\Gpu\Buffer</Filter>
    </ClCompile>
    <ClCompile Include="graphics\camera.cpp">
      <Filter>Graphics\Model</Filter>
    </ClCompile>
    <ClCompile Include="graphics\model.cpp">
      <Filter>Graphics\Model</Filter>
    </ClCompile>
    <ClCompile Include="graphics\mesh_renderer.cpp">
      <Filter>Graphics\Component</Filter>
    </ClCompile>
    <ClCompile Include="graphics\geometry_generator.cpp">
      <Filter>Graphics\Util</Filter>
    </ClCompile>
    <ClCompile Include="graphics\message_receiver.cpp">
      <Filter>Graphics\Util</Filter>
    </ClCompile>
    <ClCompile Include="graphics\model_loader.cpp">
      <Filter>Graphics\Util</Filter>
    </ClCompile>
    <ClCompile Include="graphics\engine.cpp">
      <Filter>Graphics</Filter>
    </ClCompile>
    <ClCompile Include="graphics\graphics_util.cpp">
      <Filter>Graphics\Gpu\Util</Filter>
    </ClCompile>
    <ClCompile Include="graphics\mesh.cpp">
      <Filter>Graphics\Gpu\Structure</Filter>
    </ClCompile>
    <ClCompile Include="graphics\image.cpp">
      <Filter>Graphics\Gpu\Structure</Filter>
    </ClCompile>
    <ClCompile Include="graphics\graphics_pso.cpp">
      <Filter>Graphics\Gpu</Filter>
    </ClCompile>
    <ClCompile Include="graphics\descriptor_heap.cpp">
      <Filter>Graphics\Gpu\Heap</Filter>
    </ClCompile>
    <ClCompile Include="graphics\graphics_core.cpp">
      <Filter>Graphics\Gpu</Filter>
    </ClCompile>
  </ItemGroup>
  <ItemGroup>
    <Filter Include="Foundation">
      <UniqueIdentifier>{f468dcbf-da05-442f-a2fd-59aa3d9f4fec}</UniqueIdentifier>
    </Filter>
    <Filter Include="Foundation\Gui">
      <UniqueIdentifier>{3a910365-870e-4d11-a663-71da58281561}</UniqueIdentifier>
    </Filter>
    <Filter Include="Foundation\Gui\ImGui">
      <UniqueIdentifier>{7ad705d7-328e-41a8-b82b-ee7bf5ec8bfd}</UniqueIdentifier>
    </Filter>
    <Filter Include="Foundation\Gui\ImGui\NodeEditor">
      <UniqueIdentifier>{fb88d078-65c1-425f-a8ff-5419789af61a}</UniqueIdentifier>
    </Filter>
    <Filter Include="Foundation\BehaviorTree">
      <UniqueIdentifier>{d7e17cfc-7bb8-4892-bdb5-4f6e5091d1b8}</UniqueIdentifier>
    </Filter>
    <Filter Include="Foundation\Platform">
      <UniqueIdentifier>{061d8a20-d30b-451a-b32d-e8eccc37b8db}</UniqueIdentifier>
    </Filter>
    <Filter Include="Foundation\Structure">
      <UniqueIdentifier>{152d738b-0f12-40e4-9670-30581632dd15}</UniqueIdentifier>
    </Filter>
    <Filter Include="Graphics">
      <UniqueIdentifier>{dbd5257f-e35e-4c37-8c3a-6cb4f021982b}</UniqueIdentifier>
    </Filter>
    <Filter Include="Graphics\Model">
      <UniqueIdentifier>{e49dfe72-3ee4-485a-8189-91138a47fab0}</UniqueIdentifier>
    </Filter>
    <Filter Include="Graphics\BehaviorTreeNode">
      <UniqueIdentifier>{693604ef-ac08-43fd-af75-3b70c784e779}</UniqueIdentifier>
    </Filter>
    <Filter Include="Graphics\Component">
      <UniqueIdentifier>{7a076824-9f70-4d32-964b-51b7e3858fb8}</UniqueIdentifier>
    </Filter>
    <Filter Include="Graphics\Util">
      <UniqueIdentifier>{773513c6-08ce-4dd1-8d1c-08ee20f6b365}</UniqueIdentifier>
    </Filter>
    <Filter Include="Graphics\Pipeline">
      <UniqueIdentifier>{ec5de175-27e8-4a2f-a596-dc8c68ce24b3}</UniqueIdentifier>
    </Filter>
    <Filter Include="Graphics\Gpu">
      <UniqueIdentifier>{d032a418-4ef4-4335-b85d-1cbbc9c551cb}</UniqueIdentifier>
    </Filter>
    <Filter Include="Graphics\Gpu\Shader">
      <UniqueIdentifier>{a029a46a-2389-4ec0-b9dc-91980492c850}</UniqueIdentifier>
    </Filter>
    <Filter Include="Graphics\Gpu\PSO">
      <UniqueIdentifier>{acfa4192-465e-4e10-aaf4-6afa55bd798b}</UniqueIdentifier>
    </Filter>
    <Filter Include="Graphics\Gpu\Buffer">
      <UniqueIdentifier>{75e2fdb2-1df3-4f8a-b00e-3f37f241f0c1}</UniqueIdentifier>
    </Filter>
    <Filter Include="Graphics\Gpu\Util">
      <UniqueIdentifier>{1790ab32-b8de-4878-8652-61b7298bd632}</UniqueIdentifier>
    </Filter>
    <Filter Include="Graphics\Gpu\Structure">
      <UniqueIdentifier>{618c9e8e-c783-44ce-98a1-32a3ad2ed2d8}</UniqueIdentifier>
    </Filter>
    <Filter Include="Graphics\Gpu\Heap">
      <UniqueIdentifier>{6a573e0e-ae59-4d24-b0c9-b46c7a7f18d1}</UniqueIdentifier>
    </Filter>
  </ItemGroup>
  <ItemGroup>
    <ClInclude Include="graphics\foundation\ImGui\NodeEditor\crude_json.h">
      <Filter>Foundation\Gui\ImGui\NodeEditor</Filter>
    </ClInclude>
    <ClInclude Include="graphics\foundation\ImGui\NodeEditor\imgui_bezier_math.h">
      <Filter>Foundation\Gui\ImGui\NodeEditor</Filter>
    </ClInclude>
    <ClInclude Include="graphics\foundation\ImGui\NodeEditor\imgui_canvas.h">
      <Filter>Foundation\Gui\ImGui\NodeEditor</Filter>
    </ClInclude>
    <ClInclude Include="graphics\foundation\ImGui\NodeEditor\imgui_extra_keys.h">
      <Filter>Foundation\Gui\ImGui\NodeEditor</Filter>
    </ClInclude>
    <ClInclude Include="graphics\foundation\ImGui\NodeEditor\imgui_extra_math.h">
      <Filter>Foundation\Gui\ImGui\NodeEditor</Filter>
    </ClInclude>
    <ClInclude Include="graphics\foundation\ImGui\NodeEditor\imgui_node_editor.h">
      <Filter>Foundation\Gui\ImGui\NodeEditor</Filter>
    </ClInclude>
    <ClInclude Include="graphics\foundation\ImGui\NodeEditor\imgui_node_editor_internal.h">
      <Filter>Foundation\Gui\ImGui\NodeEditor</Filter>
    </ClInclude>
    <ClInclude Include="graphics\foundation\ImGui\imgui.h">
      <Filter>Foundation\Gui\ImGui</Filter>
    </ClInclude>
    <ClInclude Include="graphics\foundation\ImGui\imgui_impl_win32.h">
      <Filter>Foundation\Gui\ImGui</Filter>
    </ClInclude>
    <ClInclude Include="graphics\foundation\ImGui\imgui_internal.h">
      <Filter>Foundation\Gui\ImGui</Filter>
    </ClInclude>
    <ClInclude Include="graphics\foundation\ImGui\imstb_rectpack.h">
      <Filter>Foundation\Gui\ImGui</Filter>
    </ClInclude>
    <ClInclude Include="graphics\foundation\ImGui\imstb_textedit.h">
      <Filter>Foundation\Gui\ImGui</Filter>
    </ClInclude>
    <ClInclude Include="graphics\foundation\ImGui\imstb_truetype.h">
      <Filter>Foundation\Gui\ImGui</Filter>
    </ClInclude>
    <ClInclude Include="graphics\foundation\ImGui\imgui_impl_dx12.h">
      <Filter>Foundation\Gui\ImGui</Filter>
    </ClInclude>
    <ClInclude Include="graphics\foundation\ui.h">
      <Filter>Foundation\Gui</Filter>
    </ClInclude>
    <ClInclude Include="graphics\foundation\action_node.h">
      <Filter>Foundation\BehaviorTree</Filter>
    </ClInclude>
    <ClInclude Include="graphics\foundation\animation_node.h">
      <Filter>Foundation\BehaviorTree</Filter>
    </ClInclude>
    <ClInclude Include="graphics\foundation\behavior_tree_builder.h">
      <Filter>Foundation\BehaviorTree</Filter>
    </ClInclude>
    <ClInclude Include="graphics\foundation\conditional_node.h">
      <Filter>Foundation\BehaviorTree</Filter>
    </ClInclude>
    <ClInclude Include="graphics\foundation\selector_node.h">
      <Filter>Foundation\BehaviorTree</Filter>
    </ClInclude>
    <ClInclude Include="graphics\foundation\sequence_node.h">
      <Filter>Foundation\BehaviorTree</Filter>
    </ClInclude>
    <ClInclude Include="graphics\foundation\platform.h">
      <Filter>Foundation\Platform</Filter>
    </ClInclude>
    <ClInclude Include="graphics\foundation\node.h">
      <Filter>Foundation\Structure</Filter>
    </ClInclude>
    <ClInclude Include="graphics\foundation\dataBlock.h">
      <Filter>Foundation\Structure</Filter>
    </ClInclude>
    <ClInclude Include="graphics\foundation\entity.h">
      <Filter>Foundation\Structure</Filter>
    </ClInclude>
    <ClInclude Include="graphics\foundation\env.h">
      <Filter>Foundation\Structure</Filter>
    </ClInclude>
    <ClInclude Include="graphics\foundation\id_generator.h">
      <Filter>Foundation\Structure</Filter>
    </ClInclude>
    <ClInclude Include="graphics\foundation\info.h">
      <Filter>Foundation\Structure</Filter>
    </ClInclude>
    <ClInclude Include="graphics\foundation\input.h">
      <Filter>Foundation\Structure</Filter>
    </ClInclude>
    <ClInclude Include="graphics\foundation\message.h">
      <Filter>Foundation\Structure</Filter>
    </ClInclude>
    <ClInclude Include="graphics\graphics_device.h">
      <Filter>Graphics\Gpu</Filter>
    </ClInclude>
    <ClInclude Include="graphics\foundation\setting_ui.h">
      <Filter>Foundation\Gui</Filter>
    </ClInclude>
    <ClInclude Include="graphics\mesh_pso.h">
      <Filter>Graphics\Gpu\PSO</Filter>
    </ClInclude>
    <ClInclude Include="graphics\tone_mapping_pso.h">
      <Filter>Graphics\Gpu\PSO</Filter>
    </ClInclude>
    <ClInclude Include="graphics\skybox_pso.h">
      <Filter>Graphics\Gpu\PSO</Filter>
    </ClInclude>
    <ClInclude Include="graphics\gpu_resource.h">
      <Filter>Graphics\Gpu\Buffer</Filter>
    </ClInclude>
    <ClInclude Include="graphics\texture_cube.h">
      <Filter>Graphics\Gpu\Buffer</Filter>
    </ClInclude>
    <ClInclude Include="graphics\texture_2d.h">
      <Filter>Graphics\Gpu\Buffer</Filter>
    </ClInclude>
    <ClInclude Include="graphics\camera.h">
      <Filter>Graphics\Model</Filter>
    </ClInclude>
    <ClInclude Include="graphics\model.h">
      <Filter>Graphics\Model</Filter>
    </ClInclude>
    <ClInclude Include="graphics\shared_resource_node.h">
      <Filter>Graphics\BehaviorTreeNode</Filter>
    </ClInclude>
    <ClInclude Include="graphics\skybox_node.h">
      <Filter>Graphics\BehaviorTreeNode</Filter>
    </ClInclude>
    <ClInclude Include="graphics\gpu_node.h">
      <Filter>Graphics\BehaviorTreeNode</Filter>
    </ClInclude>
    <ClInclude Include="graphics\light_node.h">
      <Filter>Graphics\BehaviorTreeNode</Filter>
    </ClInclude>
    <ClInclude Include="graphics\game_objects_node.h">
      <Filter>Graphics\BehaviorTreeNode</Filter>
    </ClInclude>
    <ClInclude Include="graphics\tone_mapping_node.h">
      <Filter>Graphics\BehaviorTreeNode</Filter>
    </ClInclude>
    <ClInclude Include="graphics\gui_node.h">
      <Filter>Graphics\BehaviorTreeNode</Filter>
    </ClInclude>
    <ClInclude Include="graphics\camera_node.h">
      <Filter>Graphics\BehaviorTreeNode</Filter>
    </ClInclude>
    <ClInclude Include="graphics\component.h">
      <Filter>Graphics\Component</Filter>
    </ClInclude>
    <ClInclude Include="graphics\mesh_renderer.h">
      <Filter>Graphics\Component</Filter>
    </ClInclude>
    <ClInclude Include="graphics\geometry_generator.h">
      <Filter>Graphics\Util</Filter>
    </ClInclude>
    <ClInclude Include="graphics\message_receiver.h">
      <Filter>Graphics\Util</Filter>
    </ClInclude>
    <ClInclude Include="graphics\model_loader.h">
      <Filter>Graphics\Util</Filter>
    </ClInclude>
    <ClInclude Include="graphics\engine.h">
      <Filter>Graphics</Filter>
    </ClInclude>
    <ClInclude Include="graphics\graphics_util.h">
      <Filter>Graphics\Gpu\Util</Filter>
    </ClInclude>
    <ClInclude Include="graphics\command_pool.h">
      <Filter>Graphics\Gpu\Util</Filter>
    </ClInclude>
    <ClInclude Include="graphics\constant_buffer.h">
      <Filter>Graphics\Gpu\Structure</Filter>
    </ClInclude>
    <ClInclude Include="graphics\mesh.h">
      <Filter>Graphics\Gpu\Structure</Filter>
    </ClInclude>
    <ClInclude Include="graphics\vertex.h">
      <Filter>Graphics\Gpu\Structure</Filter>
    </ClInclude>
    <ClInclude Include="graphics\image.h">
      <Filter>Graphics\Gpu\Structure</Filter>
    </ClInclude>
    <ClInclude Include="graphics\d3dx12.h">
      <Filter>Graphics\Gpu\Util</Filter>
    </ClInclude>
    <ClInclude Include="graphics\render_target_object.h">
      <Filter>Graphics\Pipeline</Filter>
    </ClInclude>
    <ClInclude Include="graphics\render_condition.h">
      <Filter>Graphics\Pipeline</Filter>
    </ClInclude>
    <ClInclude Include="graphics\black_board.h">
      <Filter>Graphics\Pipeline</Filter>
    </ClInclude>
    <ClInclude Include="graphics\graphics_pso.h">
      <Filter>Graphics\Gpu</Filter>
    </ClInclude>
    <ClInclude Include="graphics\gpu_buffer.h">
      <Filter>Graphics\Gpu\Buffer</Filter>
    </ClInclude>
    <ClInclude Include="graphics\sampler_state.h">
      <Filter>Graphics\Gpu\Buffer</Filter>
    </ClInclude>
    <ClInclude Include="graphics\descriptor_heap.h">
      <Filter>Graphics\Gpu\Heap</Filter>
    </ClInclude>
    <ClInclude Include="graphics\graphics_core.h">
      <Filter>Graphics\Gpu</Filter>
    </ClInclude>
  </ItemGroup>
  <ItemGroup>
    <None Include="graphics\foundation\ImGui\NodeEditor\imgui_bezier_math.inl">
      <Filter>Foundation\Gui\ImGui\NodeEditor</Filter>
    </None>
    <None Include="graphics\foundation\ImGui\NodeEditor\imgui_extra_math.inl">
      <Filter>Foundation\Gui\ImGui\NodeEditor</Filter>
    </None>
    <None Include="graphics\foundation\ImGui\NodeEditor\imgui_node_editor_internal.inl">
      <Filter>Foundation\Gui\ImGui\NodeEditor</Filter>
    </None>
    <None Include="graphics\shader\Common.hlsli">
      <Filter>Graphics\Gpu\Shader</Filter>
    </None>
    <None Include="graphics\shader\DiskSamples.hlsli">
      <Filter>Graphics\Gpu\Shader</Filter>
    </None>
  </ItemGroup>
  <ItemGroup>
    <FxCompile Include="graphics\shader\BasicPS.hlsl">
      <Filter>Graphics\Gpu\Shader</Filter>
    </FxCompile>
    <FxCompile Include="graphics\shader\BasicVS.hlsl">
      <Filter>Graphics\Gpu\Shader</Filter>
    </FxCompile>
    <FxCompile Include="graphics\shader\BloomCompositeCS.hlsl">
      <Filter>Graphics\Gpu\Shader</Filter>
    </FxCompile>
    <FxCompile Include="graphics\shader\BlurHorizontalCS.hlsl">
      <Filter>Graphics\Gpu\Shader</Filter>
    </FxCompile>
    <FxCompile Include="graphics\shader\BlurVerticalCS.hlsl">
      <Filter>Graphics\Gpu\Shader</Filter>
    </FxCompile>
    <FxCompile Include="graphics\shader\BrightPassCS.hlsl">
      <Filter>Graphics\Gpu\Shader</Filter>
    </FxCompile>
    <FxCompile Include="graphics\shader\DepthOnlyPS.hlsl">
      <Filter>Graphics\Gpu\Shader</Filter>
    </FxCompile>
    <FxCompile Include="graphics\shader\DepthOnlyVS.hlsl">
      <Filter>Graphics\Gpu\Shader</Filter>
    </FxCompile>
    <FxCompile Include="graphics\shader\SkyboxPS.hlsl">
      <Filter>Graphics\Gpu\Shader</Filter>
    </FxCompile>
    <FxCompile Include="graphics\shader\ToneMappingVS.hlsl">
      <Filter>Graphics\Gpu\Shader</Filter>
    </FxCompile>
    <FxCompile Include="graphics\shader\ToneMappingPS.hlsl">
      <Filter>Graphics\Gpu\Shader</Filter>
    </FxCompile>
    <FxCompile Include="graphics\shader\ToneMappingCS.hlsl">
      <Filter>Graphics\Gpu\Shader</Filter>
    </FxCompile>
    <FxCompile Include="graphics\shader\SkyboxVS.hlsl">
      <Filter>Graphics\Gpu\Shader</Filter>
    </FxCompile>
  </ItemGroup>
</Project>