<?xml version="1.0" encoding="utf-8"?>
<Project ToolsVersion="4.0" xmlns="http://schemas.microsoft.com/developer/msbuild/2003">
  <ItemGroup>
    <ClInclude Include="model_loader.h">
      <Filter>Graphics\Util</Filter>
    </ClInclude>
    <ClInclude Include="geometry_generator.h">
      <Filter>Graphics\Util</Filter>
    </ClInclude>
    <ClInclude Include="message_receiver.h">
      <Filter>Graphics\Util</Filter>
    </ClInclude>
    <ClInclude Include="mesh_renderer.h">
      <Filter>Graphics\Component</Filter>
    </ClInclude>
    <ClInclude Include="component.h">
      <Filter>Graphics\Component</Filter>
    </ClInclude>
    <ClInclude Include="tone_mapping.h">
      <Filter>Graphics\Component</Filter>
    </ClInclude>
    <ClInclude Include="image_filter.h">
      <Filter>Graphics\Component</Filter>
    </ClInclude>
    <ClInclude Include="skinned_mesh_renderer.h">
      <Filter>Graphics\Component</Filter>
    </ClInclude>
    <ClInclude Include="camera_node.h">
      <Filter>Graphics\BehaviorTreeNode</Filter>
    </ClInclude>
    <ClInclude Include="game_objects_node.h">
      <Filter>Graphics\BehaviorTreeNode</Filter>
    </ClInclude>
    <ClInclude Include="gui_node.h">
      <Filter>Graphics\BehaviorTreeNode</Filter>
    </ClInclude>
    <ClInclude Include="light_node.h">
      <Filter>Graphics\BehaviorTreeNode</Filter>
    </ClInclude>
    <ClInclude Include="mirror_effect_node.h">
      <Filter>Graphics\BehaviorTreeNode</Filter>
    </ClInclude>
    <ClInclude Include="post_process_node.h">
      <Filter>Graphics\BehaviorTreeNode</Filter>
    </ClInclude>
    <ClInclude Include="shadow_effect_node.h">
      <Filter>Graphics\BehaviorTreeNode</Filter>
    </ClInclude>
    <ClInclude Include="shared_resource_node.h">
      <Filter>Graphics\BehaviorTreeNode</Filter>
    </ClInclude>
    <ClInclude Include="skybox_node.h">
      <Filter>Graphics\BehaviorTreeNode</Filter>
    </ClInclude>
    <ClInclude Include="tree_node.h">
      <Filter>Graphics\BehaviorTreeNode</Filter>
    </ClInclude>
    <ClInclude Include="vertex.h">
      <Filter>Graphics\Model</Filter>
    </ClInclude>
    <ClInclude Include="animation_clip.h">
      <Filter>Graphics\Model</Filter>
    </ClInclude>
    <ClInclude Include="camera.h">
      <Filter>Graphics\Model</Filter>
    </ClInclude>
    <ClInclude Include="constant_buffer.h">
      <Filter>Graphics\Model</Filter>
    </ClInclude>
    <ClInclude Include="material.h">
      <Filter>Graphics\Model</Filter>
    </ClInclude>
    <ClInclude Include="mesh.h">
      <Filter>Graphics\Model</Filter>
    </ClInclude>
    <ClInclude Include="model.h">
      <Filter>Graphics\Model</Filter>
    </ClInclude>
    <ClInclude Include="structured_buffer.h">
      <Filter>Graphics\Model</Filter>
    </ClInclude>
    <ClInclude Include="texture_3d.h">
      <Filter>Graphics\Model</Filter>
    </ClInclude>
    <ClInclude Include="job_context.h">
      <Filter>Graphics\Model</Filter>
    </ClInclude>
    <ClInclude Include="gpu_node.h">
      <Filter>Graphics\BehaviorTreeNode</Filter>
    </ClInclude>
    <ClInclude Include="depth_only_node.h">
      <Filter>Graphics\BehaviorTreeNode</Filter>
    </ClInclude>
    <ClInclude Include="player_node.h">
      <Filter>Graphics\BehaviorTreeNode</Filter>
    </ClInclude>
    <ClInclude Include="animator.h">
      <Filter>Graphics\Component</Filter>
    </ClInclude>
    <ClInclude Include="skybox.h">
      <Filter>Graphics\Model</Filter>
    </ClInclude>
    <ClInclude Include="ground.h">
      <Filter>Graphics\Model</Filter>
    </ClInclude>
    <ClInclude Include="engine.h">
      <Filter>Graphics</Filter>
    </ClInclude>
    <ClInclude Include="black_board.h">
      <Filter>Graphics\Pipeline</Filter>
    </ClInclude>
    <ClInclude Include="pch.h">
      <Filter>Graphics\Gpu</Filter>
    </ClInclude>
    <ClInclude Include="graphics_pso.h">
      <Filter>Graphics\Gpu\Core</Filter>
    </ClInclude>
    <ClInclude Include="graphics_common.h">
      <Filter>Graphics\Gpu\Core</Filter>
    </ClInclude>
    <ClInclude Include="graphics_core.h">
      <Filter>Graphics\Gpu\Core</Filter>
    </ClInclude>
    <ClInclude Include="graphics_util.h">
      <Filter>Graphics\Gpu\Util</Filter>
    </ClInclude>
  </ItemGroup>
  <ItemGroup>
    <ClCompile Include="main.cpp" />
    <ClCompile Include="geometry_generator.cpp">
      <Filter>Graphics\Util</Filter>
    </ClCompile>
    <ClCompile Include="message_receiver.cpp">
      <Filter>Graphics\Util</Filter>
    </ClCompile>
    <ClCompile Include="model_loader.cpp">
      <Filter>Graphics\Util</Filter>
    </ClCompile>
    <ClCompile Include="mesh_renderer.cpp">
      <Filter>Graphics\Component</Filter>
    </ClCompile>
    <ClCompile Include="tone_mapping.cpp">
      <Filter>Graphics\Component</Filter>
    </ClCompile>
    <ClCompile Include="skinned_mesh_renderer.cpp">
      <Filter>Graphics\Component</Filter>
    </ClCompile>
    <ClCompile Include="camera.cpp">
      <Filter>Graphics\Model</Filter>
    </ClCompile>
    <ClCompile Include="model.cpp">
      <Filter>Graphics\Model</Filter>
    </ClCompile>
    <ClCompile Include="animator.cpp">
      <Filter>Graphics\Component</Filter>
    </ClCompile>
    <ClCompile Include="player_node.cpp">
      <Filter>Graphics\BehaviorTreeNode</Filter>
    </ClCompile>
    <ClCompile Include="engine.cpp">
      <Filter>Graphics</Filter>
    </ClCompile>
    <ClCompile Include="graphics_common.cpp">
      <Filter>Graphics\Gpu\Core</Filter>
    </ClCompile>
    <ClCompile Include="graphics_core.cpp">
      <Filter>Graphics\Gpu\Core</Filter>
    </ClCompile>
    <ClCompile Include="graphics_pso.cpp">
      <Filter>Graphics\Gpu\Core</Filter>
    </ClCompile>
    <ClCompile Include="graphics_util.cpp">
      <Filter>Graphics\Gpu\Util</Filter>
    </ClCompile>
  </ItemGroup>
  <ItemGroup>
    <Filter Include="Graphics">
      <UniqueIdentifier>{05dc446f-8a32-4f98-9f30-cf72b7cc2f60}</UniqueIdentifier>
    </Filter>
    <Filter Include="Graphics\Util">
      <UniqueIdentifier>{82eadd38-7919-4897-973b-ceae628cde63}</UniqueIdentifier>
    </Filter>
    <Filter Include="Graphics\BehaviorTreeNode">
      <UniqueIdentifier>{8b95b958-ddc6-4445-8273-087607899d80}</UniqueIdentifier>
    </Filter>
    <Filter Include="Graphics\Component">
      <UniqueIdentifier>{d7d5b87f-7652-45a9-ac58-3878dc145fe9}</UniqueIdentifier>
    </Filter>
    <Filter Include="Graphics\Model">
      <UniqueIdentifier>{0b569e3e-70fb-479a-a225-7de4add8f966}</UniqueIdentifier>
    </Filter>
    <Filter Include="Graphics\Gpu">
      <UniqueIdentifier>{1a58e045-98f9-419c-972d-1f2ad2b6a109}</UniqueIdentifier>
    </Filter>
    <Filter Include="Graphics\Gpu\Shader">
      <UniqueIdentifier>{2703a152-551d-4384-95f5-f66624506b3d}</UniqueIdentifier>
    </Filter>
    <Filter Include="Graphics\Pipeline">
      <UniqueIdentifier>{7505e9a1-1b93-4685-980a-51d7b44b728c}</UniqueIdentifier>
    </Filter>
    <Filter Include="Graphics\Gpu\Core">
      <UniqueIdentifier>{18879377-765a-43a1-bb7d-084d0477f6b9}</UniqueIdentifier>
    </Filter>
    <Filter Include="Graphics\Gpu\Util">
      <UniqueIdentifier>{59b7ae61-0b36-4324-b833-d240c47db907}</UniqueIdentifier>
    </Filter>
  </ItemGroup>
  <ItemGroup>
    <None Include="Common.hlsli">
      <Filter>Graphics\Gpu\Shader</Filter>
    </None>
    <None Include="DiskSamples.hlsli">
      <Filter>Graphics\Gpu\Shader</Filter>
    </None>
    <None Include="packages.config" />
  </ItemGroup>
  <ItemGroup>
    <FxCompile Include="CombinePS.hlsl">
      <Filter>Graphics\Gpu\Shader</Filter>
    </FxCompile>
    <FxCompile Include="SamplingVS.hlsl">
      <Filter>Graphics\Gpu\Shader</Filter>
    </FxCompile>
    <FxCompile Include="SamplingPS.hlsl">
      <Filter>Graphics\Gpu\Shader</Filter>
    </FxCompile>
    <FxCompile Include="SkyboxPS.hlsl">
      <Filter>Graphics\Gpu\Shader</Filter>
    </FxCompile>
    <FxCompile Include="SkyboxVS.hlsl">
      <Filter>Graphics\Gpu\Shader</Filter>
    </FxCompile>
    <FxCompile Include="BloomDownPS.hlsl">
      <Filter>Graphics\Gpu\Shader</Filter>
    </FxCompile>
    <FxCompile Include="BloomUpPS.hlsl">
      <Filter>Graphics\Gpu\Shader</Filter>
    </FxCompile>
    <FxCompile Include="DepthOnlyVS.hlsl">
      <Filter>Graphics\Gpu\Shader</Filter>
    </FxCompile>
    <FxCompile Include="DepthOnlyPS.hlsl">
      <Filter>Graphics\Gpu\Shader</Filter>
    </FxCompile>
    <FxCompile Include="NormalPS.hlsl">
      <Filter>Graphics\Gpu\Shader</Filter>
    </FxCompile>
    <FxCompile Include="NormalVS.hlsl">
      <Filter>Graphics\Gpu\Shader</Filter>
    </FxCompile>
    <FxCompile Include="PostEffectsPS.hlsl">
      <Filter>Graphics\Gpu\Shader</Filter>
    </FxCompile>
    <FxCompile Include="NormalGS.hlsl">
      <Filter>Graphics\Gpu\Shader</Filter>
    </FxCompile>
    <FxCompile Include="BasicVS.hlsl">
      <Filter>Graphics\Gpu\Shader</Filter>
    </FxCompile>
    <FxCompile Include="BasicPS.hlsl">
      <Filter>Graphics\Gpu\Shader</Filter>
    </FxCompile>
    <FxCompile Include="CombineCS.hlsl">
      <Filter>Graphics\Gpu\Shader</Filter>
    </FxCompile>
    <FxCompile Include="BlurHorizontal.hlsl">
      <Filter>Graphics\Gpu\Shader</Filter>
    </FxCompile>
    <FxCompile Include="BrightPassCS.hlsl">
      <Filter>Graphics\Gpu\Shader</Filter>
    </FxCompile>
    <FxCompile Include="BloomCompositeCS.hlsl">
      <Filter>Graphics\Gpu\Shader</Filter>
    </FxCompile>
    <FxCompile Include="BlurVertical.hlsl">
      <Filter>Graphics\Gpu\Shader</Filter>
    </FxCompile>
  </ItemGroup>
</Project>